
Microsoft Visual Studio Solution File, Format Version 12.00
# Visual Studio Version 17
VisualStudioVersion = 17.14.36518.9
MinimumVisualStudioVersion = 10.0.40219.1
Project("{FAE04EC0-301F-11D3-BF4B-00C04F79EFBC}") = "CpHeladeria", "CpHeladeria\CpHeladeria.csproj", "{F6CD3BF5-B68E-45B7-A82A-190D5E2D57AA}"
EndProject
Project("{FAE04EC0-301F-11D3-BF4B-00C04F79EFBC}") = "CadHeladeria", "CadHeladeria\CadHeladeria.csproj", "{95F5860F-E3E9-4DD6-AF3E-BEEAC4984C25}"
EndProject
Project("{FAE04EC0-301F-11D3-BF4B-00C04F79EFBC}") = "ClnHeladeria", "ClnHeladeria\ClnHeladeria.csproj", "{86C63263-3B6C-49C7-B4D2-F02DA359EB45}"
EndProject
Project("{FAE04EC0-301F-11D3-BF4B-00C04F79EFBC}") = "WebHeladeria", "WebHeladeria\WebHeladeria.csproj", "{CDF8BDE8-0A31-44FD-A9D5-5AF89D95A203}"
EndProject
Global
	GlobalSection(SolutionConfigurationPlatforms) = preSolution
		Debug|Any CPU = Debug|Any CPU
		Release|Any CPU = Release|Any CPU
	EndGlobalSection
	GlobalSection(ProjectConfigurationPlatforms) = postSolution
		{F6CD3BF5-B68E-45B7-A82A-190D5E2D57AA}.Debug|Any CPU.ActiveCfg = Debug|Any CPU
		{F6CD3BF5-B68E-45B7-A82A-190D5E2D57AA}.Debug|Any CPU.Build.0 = Debug|Any CPU
		{F6CD3BF5-B68E-45B7-A82A-190D5E2D57AA}.Release|Any CPU.ActiveCfg = Release|Any CPU
		{F6CD3BF5-B68E-45B7-A82A-190D5E2D57AA}.Release|Any CPU.Build.0 = Release|Any CPU
		{95F5860F-E3E9-4DD6-AF3E-BEEAC4984C25}.Debug|Any CPU.ActiveCfg = Debug|Any CPU
		{95F5860F-E3E9-4DD6-AF3E-BEEAC4984C25}.Debug|Any CPU.Build.0 = Debug|Any CPU
		{95F5860F-E3E9-4DD6-AF3E-BEEAC4984C25}.Release|Any CPU.ActiveCfg = Release|Any CPU
		{95F5860F-E3E9-4DD6-AF3E-BEEAC4984C25}.Release|Any CPU.Build.0 = Release|Any CPU
		{86C63263-3B6C-49C7-B4D2-F02DA359EB45}.Debug|Any CPU.ActiveCfg = Debug|Any CPU
		{86C63263-3B6C-49C7-B4D2-F02DA359EB45}.Debug|Any CPU.Build.0 = Debug|Any CPU
		{86C63263-3B6C-49C7-B4D2-F02DA359EB45}.Release|Any CPU.ActiveCfg = Release|Any CPU
		{86C63263-3B6C-49C7-B4D2-F02DA359EB45}.Release|Any CPU.Build.0 = Release|Any CPU
		{CDF8BDE8-0A31-44FD-A9D5-5AF89D95A203}.Debug|Any CPU.ActiveCfg = Debug|Any CPU
		{CDF8BDE8-0A31-44FD-A9D5-5AF89D95A203}.Debug|Any CPU.Build.0 = Debug|Any CPU
		{CDF8BDE8-0A31-44FD-A9D5-5AF89D95A203}.Release|Any CPU.ActiveCfg = Release|Any CPU
		{CDF8BDE8-0A31-44FD-A9D5-5AF89D95A203}.Release|Any CPU.Build.0 = Release|Any CPU
	EndGlobalSection
	GlobalSection(SolutionProperties) = preSolution
		HideSolutionNode = FALSE
	EndGlobalSection
	GlobalSection(ExtensibilityGlobals) = postSolution
		SolutionGuid = {73C4F424-2358-4B21-9932-F89065FB1127}
	EndGlobalSection
EndGlobal
